
Microsoft Visual Studio Solution File, Format Version 12.00
# Visual Studio 15
Project("{FAE04EC0-301F-11D3-BF4B-00C04F79EFBC}") = "Assembly-CSharp", "Assembly-CSharp.csproj", "{76370700-A2EF-CEEF-8610-502C0756E405}"
EndProject
Project("{FAE04EC0-301F-11D3-BF4B-00C04F79EFBC}") = "AstarPathfindingProject", "AstarPathfindingProject.csproj", "{B161FC9F-94E0-CB39-123C-C527157EDB74}"
EndProject
Project("{FAE04EC0-301F-11D3-BF4B-00C04F79EFBC}") = "AstarPathfindingProjectEditor", "AstarPathfindingProjectEditor.csproj", "{F48E1009-B836-5919-7423-2D13D2B3AD9E}"
EndProject
Project("{FAE04EC0-301F-11D3-BF4B-00C04F79EFBC}") = "PackageToolsEditor", "PackageToolsEditor.csproj", "{E0FD9E8D-AA7D-2810-F028-2FD82A974B63}"
EndProject
Global
	GlobalSection(SolutionConfigurationPlatforms) = preSolution
		Debug|Any CPU = Debug|Any CPU
		Release|Any CPU = Release|Any CPU
	EndGlobalSection
	GlobalSection(ProjectConfigurationPlatforms) = postSolution
		{76370700-A2EF-CEEF-8610-502C0756E405}.Debug|Any CPU.ActiveCfg = Debug|Any CPU
		{76370700-A2EF-CEEF-8610-502C0756E405}.Debug|Any CPU.Build.0 = Debug|Any CPU
		{76370700-A2EF-CEEF-8610-502C0756E405}.Release|Any CPU.ActiveCfg = Release|Any CPU
		{76370700-A2EF-CEEF-8610-502C0756E405}.Release|Any CPU.Build.0 = Release|Any CPU
		{B161FC9F-94E0-CB39-123C-C527157EDB74}.Debug|Any CPU.ActiveCfg = Debug|Any CPU
		{B161FC9F-94E0-CB39-123C-C527157EDB74}.Debug|Any CPU.Build.0 = Debug|Any CPU
		{B161FC9F-94E0-CB39-123C-C527157EDB74}.Release|Any CPU.ActiveCfg = Release|Any CPU
		{B161FC9F-94E0-CB39-123C-C527157EDB74}.Release|Any CPU.Build.0 = Release|Any CPU
		{F48E1009-B836-5919-7423-2D13D2B3AD9E}.Debug|Any CPU.ActiveCfg = Debug|Any CPU
		{F48E1009-B836-5919-7423-2D13D2B3AD9E}.Debug|Any CPU.Build.0 = Debug|Any CPU
		{F48E1009-B836-5919-7423-2D13D2B3AD9E}.Release|Any CPU.ActiveCfg = Release|Any CPU
		{F48E1009-B836-5919-7423-2D13D2B3AD9E}.Release|Any CPU.Build.0 = Release|Any CPU
		{E0FD9E8D-AA7D-2810-F028-2FD82A974B63}.Debug|Any CPU.ActiveCfg = Debug|Any CPU
		{E0FD9E8D-AA7D-2810-F028-2FD82A974B63}.Debug|Any CPU.Build.0 = Debug|Any CPU
		{E0FD9E8D-AA7D-2810-F028-2FD82A974B63}.Release|Any CPU.ActiveCfg = Release|Any CPU
		{E0FD9E8D-AA7D-2810-F028-2FD82A974B63}.Release|Any CPU.Build.0 = Release|Any CPU
	EndGlobalSection
	GlobalSection(SolutionProperties) = preSolution
		HideSolutionNode = FALSE
	EndGlobalSection
EndGlobal
